// !$*UTF8*$!
{
	archiveVersion = 1;
	classes = {
	};
	objectVersion = 56;
	objects = {

/* Begin PBXBuildFile section */
		A3EEABFD2A153B0800975AD9 /* AppDelegate.swift in Sources */ = {isa = PBXBuildFile; fileRef = A3EEABFC2A153B0800975AD9 /* AppDelegate.swift */; };
		A3EEABFF2A153B0800975AD9 /* SceneDelegate.swift in Sources */ = {isa = PBXBuildFile; fileRef = A3EEABFE2A153B0800975AD9 /* SceneDelegate.swift */; };
		A3EEAC012A153B0800975AD9 /* ViewController.swift in Sources */ = {isa = PBXBuildFile; fileRef = A3EEAC002A153B0800975AD9 /* ViewController.swift */; };
		A3EEAC042A153B0800975AD9 /* Main.storyboard in Resources */ = {isa = PBXBuildFile; fileRef = A3EEAC022A153B0800975AD9 /* Main.storyboard */; };
		A3EEAC062A153B0900975AD9 /* Assets.xcassets in Resources */ = {isa = PBXBuildFile; fileRef = A3EEAC052A153B0900975AD9 /* Assets.xcassets */; };
		A3EEAC092A153B0900975AD9 /* LaunchScreen.storyboard in Resources */ = {isa = PBXBuildFile; fileRef = A3EEAC072A153B0900975AD9 /* LaunchScreen.storyboard */; };
		A3EEAC162A153BF300975AD9 /* Shaders.metal in Sources */ = {isa = PBXBuildFile; fileRef = A3EEAC102A153BF300975AD9 /* Shaders.metal */; };
		A3EEAC172A153BF300975AD9 /* Helpers.swift in Sources */ = {isa = PBXBuildFile; fileRef = A3EEAC122A153BF300975AD9 /* Helpers.swift */; };
		A3EEAC182A153BF300975AD9 /* Renderer.swift in Sources */ = {isa = PBXBuildFile; fileRef = A3EEAC132A153BF300975AD9 /* Renderer.swift */; };
		A3EEAC192A153BF300975AD9 /* MetalBuffer.swift in Sources */ = {isa = PBXBuildFile; fileRef = A3EEAC142A153BF300975AD9 /* MetalBuffer.swift */; };
		A3EEAC1C2A1549D400975AD9 /* ARKit.framework in Frameworks */ = {isa = PBXBuildFile; fileRef = A3EEAC1B2A1549D400975AD9 /* ARKit.framework */; };
		A3EEAC1E2A1549DC00975AD9 /* MetalKit.framework in Frameworks */ = {isa = PBXBuildFile; fileRef = A3EEAC1D2A1549DC00975AD9 /* MetalKit.framework */; };
		A3EEAC202A1549ED00975AD9 /* Metal.framework in Frameworks */ = {isa = PBXBuildFile; fileRef = A3EEAC1F2A1549EC00975AD9 /* Metal.framework */; };
/* End PBXBuildFile section */

/* Begin PBXFileReference section */
		A3EEABF92A153B0800975AD9 /* DD3DScanner.app */ = {isa = PBXFileReference; explicitFileType = wrapper.application; includeInIndex = 0; path = DD3DScanner.app; sourceTree = BUILT_PRODUCTS_DIR; };
		A3EEABFC2A153B0800975AD9 /* AppDelegate.swift */ = {isa = PBXFileReference; lastKnownFileType = sourcecode.swift; path = AppDelegate.swift; sourceTree = "<group>"; };
		A3EEABFE2A153B0800975AD9 /* SceneDelegate.swift */ = {isa = PBXFileReference; lastKnownFileType = sourcecode.swift; path = SceneDelegate.swift; sourceTree = "<group>"; };
		A3EEAC002A153B0800975AD9 /* ViewController.swift */ = {isa = PBXFileReference; lastKnownFileType = sourcecode.swift; path = ViewController.swift; sourceTree = "<group>"; };
		A3EEAC032A153B0800975AD9 /* Base */ = {isa = PBXFileReference; lastKnownFileType = file.storyboard; name = Base; path = Base.lproj/Main.storyboard; sourceTree = "<group>"; };
		A3EEAC052A153B0900975AD9 /* Assets.xcassets */ = {isa = PBXFileReference; lastKnownFileType = folder.assetcatalog; path = Assets.xcassets; sourceTree = "<group>"; };
		A3EEAC082A153B0900975AD9 /* Base */ = {isa = PBXFileReference; lastKnownFileType = file.storyboard; name = Base; path = Base.lproj/LaunchScreen.storyboard; sourceTree = "<group>"; };
		A3EEAC0A2A153B0900975AD9 /* Info.plist */ = {isa = PBXFileReference; lastKnownFileType = text.plist.xml; path = Info.plist; sourceTree = "<group>"; };
		A3EEAC102A153BF300975AD9 /* Shaders.metal */ = {isa = PBXFileReference; fileEncoding = 4; lastKnownFileType = sourcecode.metal; path = Shaders.metal; sourceTree = "<group>"; };
		A3EEAC112A153BF300975AD9 /* ShaderTypes.h */ = {isa = PBXFileReference; fileEncoding = 4; lastKnownFileType = sourcecode.c.h; path = ShaderTypes.h; sourceTree = "<group>"; };
		A3EEAC122A153BF300975AD9 /* Helpers.swift */ = {isa = PBXFileReference; fileEncoding = 4; lastKnownFileType = sourcecode.swift; path = Helpers.swift; sourceTree = "<group>"; };
		A3EEAC132A153BF300975AD9 /* Renderer.swift */ = {isa = PBXFileReference; fileEncoding = 4; lastKnownFileType = sourcecode.swift; path = Renderer.swift; sourceTree = "<group>"; };
		A3EEAC142A153BF300975AD9 /* MetalBuffer.swift */ = {isa = PBXFileReference; fileEncoding = 4; lastKnownFileType = sourcecode.swift; path = MetalBuffer.swift; sourceTree = "<group>"; };
		A3EEAC152A153BF300975AD9 /* SceneDepthPointCloud-Bridging-Header.h */ = {isa = PBXFileReference; fileEncoding = 4; lastKnownFileType = sourcecode.c.h; path = "SceneDepthPointCloud-Bridging-Header.h"; sourceTree = "<group>"; };
		A3EEAC1B2A1549D400975AD9 /* ARKit.framework */ = {isa = PBXFileReference; lastKnownFileType = wrapper.framework; name = ARKit.framework; path = System/Library/Frameworks/ARKit.framework; sourceTree = SDKROOT; };
		A3EEAC1D2A1549DC00975AD9 /* MetalKit.framework */ = {isa = PBXFileReference; lastKnownFileType = wrapper.framework; name = MetalKit.framework; path = System/Library/Frameworks/MetalKit.framework; sourceTree = SDKROOT; };
		A3EEAC1F2A1549EC00975AD9 /* Metal.framework */ = {isa = PBXFileReference; lastKnownFileType = wrapper.framework; name = Metal.framework; path = System/Library/Frameworks/Metal.framework; sourceTree = SDKROOT; };
/* End PBXFileReference section */

/* Begin PBXFrameworksBuildPhase section */
		A3EEABF62A153B0800975AD9 /* Frameworks */ = {
			isa = PBXFrameworksBuildPhase;
			buildActionMask = 2147483647;
			files = (
				A3EEAC1C2A1549D400975AD9 /* ARKit.framework in Frameworks */,
				A3EEAC202A1549ED00975AD9 /* Metal.framework in Frameworks */,
				A3EEAC1E2A1549DC00975AD9 /* MetalKit.framework in Frameworks */,
			);
			runOnlyForDeploymentPostprocessing = 0;
		};
/* End PBXFrameworksBuildPhase section */

/* Begin PBXGroup section */
		A3EEABF02A153B0800975AD9 = {
			isa = PBXGroup;
			children = (
				A3EEABFB2A153B0800975AD9 /* DD3DScanner */,
				A3EEABFA2A153B0800975AD9 /* Products */,
				A3EEAC1A2A1549D300975AD9 /* Frameworks */,
			);
			sourceTree = "<group>";
		};
		A3EEABFA2A153B0800975AD9 /* Products */ = {
			isa = PBXGroup;
			children = (
				A3EEABF92A153B0800975AD9 /* DD3DScanner.app */,
			);
			name = Products;
			sourceTree = "<group>";
		};
		A3EEABFB2A153B0800975AD9 /* DD3DScanner */ = {
			isa = PBXGroup;
			children = (
				A3EEAC122A153BF300975AD9 /* Helpers.swift */,
				A3EEAC142A153BF300975AD9 /* MetalBuffer.swift */,
				A3EEAC132A153BF300975AD9 /* Renderer.swift */,
				A3EEAC152A153BF300975AD9 /* SceneDepthPointCloud-Bridging-Header.h */,
				A3EEAC102A153BF300975AD9 /* Shaders.metal */,
				A3EEAC112A153BF300975AD9 /* ShaderTypes.h */,
				A3EEABFC2A153B0800975AD9 /* AppDelegate.swift */,
				A3EEABFE2A153B0800975AD9 /* SceneDelegate.swift */,
				A3EEAC002A153B0800975AD9 /* ViewController.swift */,
				A3EEAC022A153B0800975AD9 /* Main.storyboard */,
				A3EEAC052A153B0900975AD9 /* Assets.xcassets */,
				A3EEAC072A153B0900975AD9 /* LaunchScreen.storyboard */,
				A3EEAC0A2A153B0900975AD9 /* Info.plist */,
			);
			path = DD3DScanner;
			sourceTree = "<group>";
		};
		A3EEAC1A2A1549D300975AD9 /* Frameworks */ = {
			isa = PBXGroup;
			children = (
				A3EEAC1F2A1549EC00975AD9 /* Metal.framework */,
				A3EEAC1D2A1549DC00975AD9 /* MetalKit.framework */,
				A3EEAC1B2A1549D400975AD9 /* ARKit.framework */,
			);
			name = Frameworks;
			sourceTree = "<group>";
		};
/* End PBXGroup section */

/* Begin PBXNativeTarget section */
		A3EEABF82A153B0800975AD9 /* DD3DScanner */ = {
			isa = PBXNativeTarget;
			buildConfigurationList = A3EEAC0D2A153B0900975AD9 /* Build configuration list for PBXNativeTarget "DD3DScanner" */;
			buildPhases = (
				A3EEABF52A153B0800975AD9 /* Sources */,
				A3EEABF62A153B0800975AD9 /* Frameworks */,
				A3EEABF72A153B0800975AD9 /* Resources */,
			);
			buildRules = (
			);
			dependencies = (
			);
			name = DD3DScanner;
			productName = DD3DScanner;
			productReference = A3EEABF92A153B0800975AD9 /* DD3DScanner.app */;
			productType = "com.apple.product-type.application";
		};
/* End PBXNativeTarget section */

/* Begin PBXProject section */
		A3EEABF12A153B0800975AD9 /* Project object */ = {
			isa = PBXProject;
			attributes = {
				BuildIndependentTargetsInParallel = 1;
				LastSwiftUpdateCheck = 1420;
				LastUpgradeCheck = 1420;
				TargetAttributes = {
					A3EEABF82A153B0800975AD9 = {
						CreatedOnToolsVersion = 14.2;
					};
				};
			};
			buildConfigurationList = A3EEABF42A153B0800975AD9 /* Build configuration list for PBXProject "DD3DScanner" */;
			compatibilityVersion = "Xcode 14.0";
			developmentRegion = en;
			hasScannedForEncodings = 0;
			knownRegions = (
				en,
				Base,
			);
			mainGroup = A3EEABF02A153B0800975AD9;
			productRefGroup = A3EEABFA2A153B0800975AD9 /* Products */;
			projectDirPath = "";
			projectRoot = "";
			targets = (
				A3EEABF82A153B0800975AD9 /* DD3DScanner */,
			);
		};
/* End PBXProject section */

/* Begin PBXResourcesBuildPhase section */
		A3EEABF72A153B0800975AD9 /* Resources */ = {
			isa = PBXResourcesBuildPhase;
			buildActionMask = 2147483647;
			files = (
				A3EEAC092A153B0900975AD9 /* LaunchScreen.storyboard in Resources */,
				A3EEAC062A153B0900975AD9 /* Assets.xcassets in Resources */,
				A3EEAC042A153B0800975AD9 /* Main.storyboard in Resources */,
			);
			runOnlyForDeploymentPostprocessing = 0;
		};
/* End PBXResourcesBuildPhase section */

/* Begin PBXSourcesBuildPhase section */
		A3EEABF52A153B0800975AD9 /* Sources */ = {
			isa = PBXSourcesBuildPhase;
			buildActionMask = 2147483647;
			files = (
				A3EEAC162A153BF300975AD9 /* Shaders.metal in Sources */,
				A3EEAC012A153B0800975AD9 /* ViewController.swift in Sources */,
				A3EEABFD2A153B0800975AD9 /* AppDelegate.swift in Sources */,
				A3EEAC172A153BF300975AD9 /* Helpers.swift in Sources */,
				A3EEAC182A153BF300975AD9 /* Renderer.swift in Sources */,
				A3EEAC192A153BF300975AD9 /* MetalBuffer.swift in Sources */,
				A3EEABFF2A153B0800975AD9 /* SceneDelegate.swift in Sources */,
			);
			runOnlyForDeploymentPostprocessing = 0;
		};
/* End PBXSourcesBuildPhase section */

/* Begin PBXVariantGroup section */
		A3EEAC022A153B0800975AD9 /* Main.storyboard */ = {
			isa = PBXVariantGroup;
			children = (
				A3EEAC032A153B0800975AD9 /* Base */,
			);
			name = Main.storyboard;
			sourceTree = "<group>";
		};
		A3EEAC072A153B0900975AD9 /* LaunchScreen.storyboard */ = {
			isa = PBXVariantGroup;
			children = (
				A3EEAC082A153B0900975AD9 /* Base */,
			);
			name = LaunchScreen.storyboard;
			sourceTree = "<group>";
		};
/* End PBXVariantGroup section */

/* Begin XCBuildConfiguration section */
		A3EEAC0B2A153B0900975AD9 /* Debug */ = {
			isa = XCBuildConfiguration;
			buildSettings = {
				ALWAYS_SEARCH_USER_PATHS = NO;
				CLANG_ANALYZER_NONNULL = YES;
				CLANG_ANALYZER_NUMBER_OBJECT_CONVERSION = YES_AGGRESSIVE;
				CLANG_CXX_LANGUAGE_STANDARD = "gnu++20";
				CLANG_ENABLE_MODULES = YES;
				CLANG_ENABLE_OBJC_ARC = YES;
				CLANG_ENABLE_OBJC_WEAK = YES;
				CLANG_WARN_BLOCK_CAPTURE_AUTORELEASING = YES;
				CLANG_WARN_BOOL_CONVERSION = YES;
				CLANG_WARN_COMMA = YES;
				CLANG_WARN_CONSTANT_CONVERSION = YES;
				CLANG_WARN_DEPRECATED_OBJC_IMPLEMENTATIONS = YES;
				CLANG_WARN_DIRECT_OBJC_ISA_USAGE = YES_ERROR;
				CLANG_WARN_DOCUMENTATION_COMMENTS = YES;
				CLANG_WARN_EMPTY_BODY = YES;
				CLANG_WARN_ENUM_CONVERSION = YES;
				CLANG_WARN_INFINITE_RECURSION = YES;
				CLANG_WARN_INT_CONVERSION = YES;
				CLANG_WARN_NON_LITERAL_NULL_CONVERSION = YES;
				CLANG_WARN_OBJC_IMPLICIT_RETAIN_SELF = YES;
				CLANG_WARN_OBJC_LITERAL_CONVERSION = YES;
				CLANG_WARN_OBJC_ROOT_CLASS = YES_ERROR;
				CLANG_WARN_QUOTED_INCLUDE_IN_FRAMEWORK_HEADER = YES;
				CLANG_WARN_RANGE_LOOP_ANALYSIS = YES;
				CLANG_WARN_STRICT_PROTOTYPES = YES;
				CLANG_WARN_SUSPICIOUS_MOVE = YES;
				CLANG_WARN_UNGUARDED_AVAILABILITY = YES_AGGRESSIVE;
				CLANG_WARN_UNREACHABLE_CODE = YES;
				CLANG_WARN__DUPLICATE_METHOD_MATCH = YES;
				COPY_PHASE_STRIP = NO;
				DEBUG_INFORMATION_FORMAT = dwarf;
				ENABLE_STRICT_OBJC_MSGSEND = YES;
				ENABLE_TESTABILITY = YES;
				GCC_C_LANGUAGE_STANDARD = gnu11;
				GCC_DYNAMIC_NO_PIC = NO;
				GCC_NO_COMMON_BLOCKS = YES;
				GCC_OPTIMIZATION_LEVEL = 0;
				GCC_PREPROCESSOR_DEFINITIONS = (
					"DEBUG=1",
					"$(inherited)",
				);
				GCC_WARN_64_TO_32_BIT_CONVERSION = YES;
				GCC_WARN_ABOUT_RETURN_TYPE = YES_ERROR;
				GCC_WARN_UNDECLARED_SELECTOR = YES;
				GCC_WARN_UNINITIALIZED_AUTOS = YES_AGGRESSIVE;
				GCC_WARN_UNUSED_FUNCTION = YES;
				GCC_WARN_UNUSED_VARIABLE = YES;
				IPHONEOS_DEPLOYMENT_TARGET = 16.2;
				MTL_ENABLE_DEBUG_INFO = INCLUDE_SOURCE;
				MTL_FAST_MATH = YES;
				ONLY_ACTIVE_ARCH = YES;
				SDKROOT = iphoneos;
				SWIFT_ACTIVE_COMPILATION_CONDITIONS = DEBUG;
				SWIFT_OPTIMIZATION_LEVEL = "-Onone";
			};
			name = Debug;
		};
		A3EEAC0C2A153B0900975AD9 /* Release */ = {
			isa = XCBuildConfiguration;
			buildSettings = {
				ALWAYS_SEARCH_USER_PATHS = NO;
				CLANG_ANALYZER_NONNULL = YES;
				CLANG_ANALYZER_NUMBER_OBJECT_CONVERSION = YES_AGGRESSIVE;
				CLANG_CXX_LANGUAGE_STANDARD = "gnu++20";
				CLANG_ENABLE_MODULES = YES;
				CLANG_ENABLE_OBJC_ARC = YES;
				CLANG_ENABLE_OBJC_WEAK = YES;
				CLANG_WARN_BLOCK_CAPTURE_AUTORELEASING = YES;
				CLANG_WARN_BOOL_CONVERSION = YES;
				CLANG_WARN_COMMA = YES;
				CLANG_WARN_CONSTANT_CONVERSION = YES;
				CLANG_WARN_DEPRECATED_OBJC_IMPLEMENTATIONS = YES;
				CLANG_WARN_DIRECT_OBJC_ISA_USAGE = YES_ERROR;
				CLANG_WARN_DOCUMENTATION_COMMENTS = YES;
				CLANG_WARN_EMPTY_BODY = YES;
				CLANG_WARN_ENUM_CONVERSION = YES;
				CLANG_WARN_INFINITE_RECURSION = YES;
				CLANG_WARN_INT_CONVERSION = YES;
				CLANG_WARN_NON_LITERAL_NULL_CONVERSION = YES;
				CLANG_WARN_OBJC_IMPLICIT_RETAIN_SELF = YES;
				CLANG_WARN_OBJC_LITERAL_CONVERSION = YES;
				CLANG_WARN_OBJC_ROOT_CLASS = YES_ERROR;
				CLANG_WARN_QUOTED_INCLUDE_IN_FRAMEWORK_HEADER = YES;
				CLANG_WARN_RANGE_LOOP_ANALYSIS = YES;
				CLANG_WARN_STRICT_PROTOTYPES = YES;
				CLANG_WARN_SUSPICIOUS_MOVE = YES;
				CLANG_WARN_UNGUARDED_AVAILABILITY = YES_AGGRESSIVE;
				CLANG_WARN_UNREACHABLE_CODE = YES;
				CLANG_WARN__DUPLICATE_METHOD_MATCH = YES;
				COPY_PHASE_STRIP = NO;
				DEBUG_INFORMATION_FORMAT = "dwarf-with-dsym";
				ENABLE_NS_ASSERTIONS = NO;
				ENABLE_STRICT_OBJC_MSGSEND = YES;
				GCC_C_LANGUAGE_STANDARD = gnu11;
				GCC_NO_COMMON_BLOCKS = YES;
				GCC_WARN_64_TO_32_BIT_CONVERSION = YES;
				GCC_WARN_ABOUT_RETURN_TYPE = YES_ERROR;
				GCC_WARN_UNDECLARED_SELECTOR = YES;
				GCC_WARN_UNINITIALIZED_AUTOS = YES_AGGRESSIVE;
				GCC_WARN_UNUSED_FUNCTION = YES;
				GCC_WARN_UNUSED_VARIABLE = YES;
				IPHONEOS_DEPLOYMENT_TARGET = 16.2;
				MTL_ENABLE_DEBUG_INFO = NO;
				MTL_FAST_MATH = YES;
				SDKROOT = iphoneos;
				SWIFT_COMPILATION_MODE = wholemodule;
				SWIFT_OPTIMIZATION_LEVEL = "-O";
				VALIDATE_PRODUCT = YES;
			};
			name = Release;
		};
		A3EEAC0E2A153B0900975AD9 /* Debug */ = {
			isa = XCBuildConfiguration;
			buildSettings = {
				ASSETCATALOG_COMPILER_APPICON_NAME = AppIcon;
				ASSETCATALOG_COMPILER_GLOBAL_ACCENT_COLOR_NAME = AccentColor;
				CODE_SIGN_STYLE = Automatic;
				CURRENT_PROJECT_VERSION = 1;
				DEVELOPMENT_TEAM = NE2625R7RX;
				GENERATE_INFOPLIST_FILE = YES;
				INFOPLIST_FILE = DD3DScanner/Info.plist;
				INFOPLIST_KEY_UIApplicationSupportsIndirectInputEvents = YES;
				INFOPLIST_KEY_UILaunchStoryboardName = LaunchScreen;
				INFOPLIST_KEY_UIMainStoryboardFile = Main;
				INFOPLIST_KEY_UISupportedInterfaceOrientations_iPad = "UIInterfaceOrientationPortrait UIInterfaceOrientationPortraitUpsideDown UIInterfaceOrientationLandscapeLeft UIInterfaceOrientationLandscapeRight";
				INFOPLIST_KEY_UISupportedInterfaceOrientations_iPhone = "UIInterfaceOrientationPortrait UIInterfaceOrientationLandscapeLeft UIInterfaceOrientationLandscapeRight";
				LD_RUNPATH_SEARCH_PATHS = (
					"$(inherited)",
					"@executable_path/Frameworks",
				);
				MARKETING_VERSION = 1.0;
				PRODUCT_BUNDLE_IDENTIFIER = com.codymace.DD3DScanner;
				PRODUCT_NAME = "$(TARGET_NAME)";
				SWIFT_EMIT_LOC_STRINGS = YES;
				SWIFT_OBJC_BRIDGING_HEADER = "DD3DScanner/SceneDepthPointCloud-Bridging-Header.h";
				SWIFT_VERSION = 5.0;
				TARGETED_DEVICE_FAMILY = "1,2";
			};
			name = Debug;
		};
		A3EEAC0F2A153B0900975AD9 /* Release */ = {
			isa = XCBuildConfiguration;
			buildSettings = {
				ASSETCATALOG_COMPILER_APPICON_NAME = AppIcon;
				ASSETCATALOG_COMPILER_GLOBAL_ACCENT_COLOR_NAME = AccentColor;
				CODE_SIGN_STYLE = Automatic;
				CURRENT_PROJECT_VERSION = 1;
				DEVELOPMENT_TEAM = NE2625R7RX;
				GENERATE_INFOPLIST_FILE = YES;
				INFOPLIST_FILE = DD3DScanner/Info.plist;
				INFOPLIST_KEY_UIApplicationSupportsIndirectInputEvents = YES;
				INFOPLIST_KEY_UILaunchStoryboardName = LaunchScreen;
				INFOPLIST_KEY_UIMainStoryboardFile = Main;
				INFOPLIST_KEY_UISupportedInterfaceOrientations_iPad = "UIInterfaceOrientationPortrait UIInterfaceOrientationPortraitUpsideDown UIInterfaceOrientationLandscapeLeft UIInterfaceOrientationLandscapeRight";
				INFOPLIST_KEY_UISupportedInterfaceOrientations_iPhone = "UIInterfaceOrientationPortrait UIInterfaceOrientationLandscapeLeft UIInterfaceOrientationLandscapeRight";
				LD_RUNPATH_SEARCH_PATHS = (
					"$(inherited)",
					"@executable_path/Frameworks",
				);
				MARKETING_VERSION = 1.0;
				PRODUCT_BUNDLE_IDENTIFIER = com.codymace.DD3DScanner;
				PRODUCT_NAME = "$(TARGET_NAME)";
				SWIFT_EMIT_LOC_STRINGS = YES;
				SWIFT_OBJC_BRIDGING_HEADER = "DD3DScanner/SceneDepthPointCloud-Bridging-Header.h";
				SWIFT_VERSION = 5.0;
				TARGETED_DEVICE_FAMILY = "1,2";
			};
			name = Release;
		};
/* End XCBuildConfiguration section */

/* Begin XCConfigurationList section */
		A3EEABF42A153B0800975AD9 /* Build configuration list for PBXProject "DD3DScanner" */ = {
			isa = XCConfigurationList;
			buildConfigurations = (
				A3EEAC0B2A153B0900975AD9 /* Debug */,
				A3EEAC0C2A153B0900975AD9 /* Release */,
			);
			defaultConfigurationIsVisible = 0;
			defaultConfigurationName = Release;
		};
		A3EEAC0D2A153B0900975AD9 /* Build configuration list for PBXNativeTarget "DD3DScanner" */ = {
			isa = XCConfigurationList;
			buildConfigurations = (
				A3EEAC0E2A153B0900975AD9 /* Debug */,
				A3EEAC0F2A153B0900975AD9 /* Release */,
			);
			defaultConfigurationIsVisible = 0;
			defaultConfigurationName = Release;
		};
/* End XCConfigurationList section */
	};
	rootObject = A3EEABF12A153B0800975AD9 /* Project object */;
}
